// !$*UTF8*$!
{
	archiveVersion = 1;
	classes = {
	};
	objectVersion = 50;
	objects = {

/* Begin PBXBuildFile section */
		7A4E19A925D00FAC0023EBF5 /* APIDataSourceTests.swift in Sources */ = {isa = PBXBuildFile; fileRef = 7A4E19A825D00FAC0023EBF5 /* APIDataSourceTests.swift */; };
		7A4E19B425D00FE40023EBF5 /* APIRequestMockHelper.swift in Sources */ = {isa = PBXBuildFile; fileRef = 7A4E19B325D00FE40023EBF5 /* APIRequestMockHelper.swift */; };
		7A4E19BC25D016020023EBF5 /* CoreDataDataSourceTests.swift in Sources */ = {isa = PBXBuildFile; fileRef = 7A4E19BB25D016020023EBF5 /* CoreDataDataSourceTests.swift */; };
		7A4E19C225D01A1C0023EBF5 /* HeroViewModelTests.swift in Sources */ = {isa = PBXBuildFile; fileRef = 7A4E19C125D01A1C0023EBF5 /* HeroViewModelTests.swift */; };
		7A5046AE25CD3A1D00C2A8CB /* ImageLoader.swift in Sources */ = {isa = PBXBuildFile; fileRef = 7A5046AD25CD3A1D00C2A8CB /* ImageLoader.swift */; };
		7A5046B325CDA4F600C2A8CB /* HeroDetailViewController.swift in Sources */ = {isa = PBXBuildFile; fileRef = 7A5046B225CDA4F600C2A8CB /* HeroDetailViewController.swift */; };
		7AC9AA0D25CBE138001AD953 /* AppDelegate.swift in Sources */ = {isa = PBXBuildFile; fileRef = 7AC9AA0C25CBE138001AD953 /* AppDelegate.swift */; };
		7AC9AA1125CBE138001AD953 /* HeroesViewController.swift in Sources */ = {isa = PBXBuildFile; fileRef = 7AC9AA1025CBE138001AD953 /* HeroesViewController.swift */; };
		7AC9AA1725CBE138001AD953 /* Dota_Hero_Stats.xcdatamodeld in Sources */ = {isa = PBXBuildFile; fileRef = 7AC9AA1525CBE138001AD953 /* Dota_Hero_Stats.xcdatamodeld */; };
		7AC9AA1925CBE138001AD953 /* Assets.xcassets in Resources */ = {isa = PBXBuildFile; fileRef = 7AC9AA1825CBE138001AD953 /* Assets.xcassets */; };
		7AC9AA1C25CBE138001AD953 /* LaunchScreen.storyboard in Resources */ = {isa = PBXBuildFile; fileRef = 7AC9AA1A25CBE138001AD953 /* LaunchScreen.storyboard */; };
		7AC9AA2825CBE8CD001AD953 /* RoleCollectionViewCell.swift in Sources */ = {isa = PBXBuildFile; fileRef = 7AC9AA2725CBE8CD001AD953 /* RoleCollectionViewCell.swift */; };
		7AC9AA2C25CBFFEA001AD953 /* HeroCollectionViewCell.swift in Sources */ = {isa = PBXBuildFile; fileRef = 7AC9AA2B25CBFFEA001AD953 /* HeroCollectionViewCell.swift */; };
		7AC9AA3425CC1C3E001AD953 /* HeroModel.swift in Sources */ = {isa = PBXBuildFile; fileRef = 7AC9AA3325CC1C3E001AD953 /* HeroModel.swift */; };
		7AC9AA3925CC1EE9001AD953 /* APIDataSource.swift in Sources */ = {isa = PBXBuildFile; fileRef = 7AC9AA3825CC1EE9001AD953 /* APIDataSource.swift */; };
		7AC9AA3F25CC2677001AD953 /* HeroViewModel.swift in Sources */ = {isa = PBXBuildFile; fileRef = 7AC9AA3E25CC2677001AD953 /* HeroViewModel.swift */; };
		7AFC810825CF08A90061FBFF /* CoreDataDataSource.swift in Sources */ = {isa = PBXBuildFile; fileRef = 7AFC810725CF08A90061FBFF /* CoreDataDataSource.swift */; };
/* End PBXBuildFile section */

/* Begin PBXContainerItemProxy section */
		7A4E19AB25D00FAC0023EBF5 /* PBXContainerItemProxy */ = {
			isa = PBXContainerItemProxy;
			containerPortal = 7AC9AA0125CBE138001AD953 /* Project object */;
			proxyType = 1;
			remoteGlobalIDString = 7AC9AA0825CBE138001AD953;
			remoteInfo = "Dota Hero Stats";
		};
/* End PBXContainerItemProxy section */

/* Begin PBXFileReference section */
		7A4E19A625D00FAC0023EBF5 /* Dota Hero StatsTests.xctest */ = {isa = PBXFileReference; explicitFileType = wrapper.cfbundle; includeInIndex = 0; path = "Dota Hero StatsTests.xctest"; sourceTree = BUILT_PRODUCTS_DIR; };
		7A4E19A825D00FAC0023EBF5 /* APIDataSourceTests.swift */ = {isa = PBXFileReference; lastKnownFileType = sourcecode.swift; path = APIDataSourceTests.swift; sourceTree = "<group>"; };
		7A4E19AA25D00FAC0023EBF5 /* Info.plist */ = {isa = PBXFileReference; lastKnownFileType = text.plist.xml; path = Info.plist; sourceTree = "<group>"; };
		7A4E19B325D00FE40023EBF5 /* APIRequestMockHelper.swift */ = {isa = PBXFileReference; fileEncoding = 4; lastKnownFileType = sourcecode.swift; path = APIRequestMockHelper.swift; sourceTree = "<group>"; };
		7A4E19BB25D016020023EBF5 /* CoreDataDataSourceTests.swift */ = {isa = PBXFileReference; lastKnownFileType = sourcecode.swift; path = CoreDataDataSourceTests.swift; sourceTree = "<group>"; };
		7A4E19C125D01A1C0023EBF5 /* HeroViewModelTests.swift */ = {isa = PBXFileReference; lastKnownFileType = sourcecode.swift; name = HeroViewModelTests.swift; path = Helper/HeroViewModelTests.swift; sourceTree = "<group>"; };
		7A5046AD25CD3A1D00C2A8CB /* ImageLoader.swift */ = {isa = PBXFileReference; lastKnownFileType = sourcecode.swift; path = ImageLoader.swift; sourceTree = "<group>"; };
		7A5046B225CDA4F600C2A8CB /* HeroDetailViewController.swift */ = {isa = PBXFileReference; lastKnownFileType = sourcecode.swift; path = HeroDetailViewController.swift; sourceTree = "<group>"; };
		7AC9AA0925CBE138001AD953 /* Dota Hero Stats.app */ = {isa = PBXFileReference; explicitFileType = wrapper.application; includeInIndex = 0; path = "Dota Hero Stats.app"; sourceTree = BUILT_PRODUCTS_DIR; };
		7AC9AA0C25CBE138001AD953 /* AppDelegate.swift */ = {isa = PBXFileReference; lastKnownFileType = sourcecode.swift; path = AppDelegate.swift; sourceTree = "<group>"; };
		7AC9AA1025CBE138001AD953 /* HeroesViewController.swift */ = {isa = PBXFileReference; lastKnownFileType = sourcecode.swift; path = HeroesViewController.swift; sourceTree = "<group>"; };
		7AC9AA1625CBE138001AD953 /* Dota_Hero_Stats.xcdatamodel */ = {isa = PBXFileReference; lastKnownFileType = wrapper.xcdatamodel; path = Dota_Hero_Stats.xcdatamodel; sourceTree = "<group>"; };
		7AC9AA1825CBE138001AD953 /* Assets.xcassets */ = {isa = PBXFileReference; lastKnownFileType = folder.assetcatalog; path = Assets.xcassets; sourceTree = "<group>"; };
		7AC9AA1B25CBE138001AD953 /* Base */ = {isa = PBXFileReference; lastKnownFileType = file.storyboard; name = Base; path = Base.lproj/LaunchScreen.storyboard; sourceTree = "<group>"; };
		7AC9AA1D25CBE138001AD953 /* Info.plist */ = {isa = PBXFileReference; lastKnownFileType = text.plist.xml; path = Info.plist; sourceTree = "<group>"; };
		7AC9AA2725CBE8CD001AD953 /* RoleCollectionViewCell.swift */ = {isa = PBXFileReference; lastKnownFileType = sourcecode.swift; path = RoleCollectionViewCell.swift; sourceTree = "<group>"; };
		7AC9AA2B25CBFFEA001AD953 /* HeroCollectionViewCell.swift */ = {isa = PBXFileReference; lastKnownFileType = sourcecode.swift; path = HeroCollectionViewCell.swift; sourceTree = "<group>"; };
		7AC9AA3325CC1C3E001AD953 /* HeroModel.swift */ = {isa = PBXFileReference; lastKnownFileType = sourcecode.swift; path = HeroModel.swift; sourceTree = "<group>"; };
		7AC9AA3825CC1EE9001AD953 /* APIDataSource.swift */ = {isa = PBXFileReference; lastKnownFileType = sourcecode.swift; path = APIDataSource.swift; sourceTree = "<group>"; };
		7AC9AA3E25CC2677001AD953 /* HeroViewModel.swift */ = {isa = PBXFileReference; lastKnownFileType = sourcecode.swift; path = HeroViewModel.swift; sourceTree = "<group>"; };
		7AFC810725CF08A90061FBFF /* CoreDataDataSource.swift */ = {isa = PBXFileReference; lastKnownFileType = sourcecode.swift; path = CoreDataDataSource.swift; sourceTree = "<group>"; };
/* End PBXFileReference section */

/* Begin PBXFrameworksBuildPhase section */
		7A4E19A325D00FAC0023EBF5 /* Frameworks */ = {
			isa = PBXFrameworksBuildPhase;
			buildActionMask = 2147483647;
			files = (
			);
			runOnlyForDeploymentPostprocessing = 0;
		};
		7AC9AA0625CBE138001AD953 /* Frameworks */ = {
			isa = PBXFrameworksBuildPhase;
			buildActionMask = 2147483647;
			files = (
			);
			runOnlyForDeploymentPostprocessing = 0;
		};
/* End PBXFrameworksBuildPhase section */

/* Begin PBXGroup section */
		7A4E19A725D00FAC0023EBF5 /* Dota Hero StatsTests */ = {
			isa = PBXGroup;
			children = (
				7A4E19C125D01A1C0023EBF5 /* HeroViewModelTests.swift */,
				7A4E19BB25D016020023EBF5 /* CoreDataDataSourceTests.swift */,
				7A4E19A825D00FAC0023EBF5 /* APIDataSourceTests.swift */,
				7A4E19B225D00FE40023EBF5 /* Helper */,
				7A4E19AA25D00FAC0023EBF5 /* Info.plist */,
			);
			path = "Dota Hero StatsTests";
			sourceTree = "<group>";
		};
		7A4E19B225D00FE40023EBF5 /* Helper */ = {
			isa = PBXGroup;
			children = (
				7A4E19B325D00FE40023EBF5 /* APIRequestMockHelper.swift */,
			);
			path = Helper;
			sourceTree = "<group>";
		};
		7A5046B025CDA4DC00C2A8CB /* Helper */ = {
			isa = PBXGroup;
			children = (
				7A5046AD25CD3A1D00C2A8CB /* ImageLoader.swift */,
			);
			path = Helper;
			sourceTree = "<group>";
		};
		7A5046B725CDD32600C2A8CB /* Cells */ = {
			isa = PBXGroup;
			children = (
				7AC9AA2725CBE8CD001AD953 /* RoleCollectionViewCell.swift */,
				7AC9AA2B25CBFFEA001AD953 /* HeroCollectionViewCell.swift */,
			);
			path = Cells;
			sourceTree = "<group>";
		};
		7AC9AA0025CBE138001AD953 = {
			isa = PBXGroup;
			children = (
				7AC9AA0B25CBE138001AD953 /* Dota Hero Stats */,
				7A4E19A725D00FAC0023EBF5 /* Dota Hero StatsTests */,
				7AC9AA0A25CBE138001AD953 /* Products */,
			);
			sourceTree = "<group>";
		};
		7AC9AA0A25CBE138001AD953 /* Products */ = {
			isa = PBXGroup;
			children = (
				7AC9AA0925CBE138001AD953 /* Dota Hero Stats.app */,
				7A4E19A625D00FAC0023EBF5 /* Dota Hero StatsTests.xctest */,
			);
			name = Products;
			sourceTree = "<group>";
		};
		7AC9AA0B25CBE138001AD953 /* Dota Hero Stats */ = {
			isa = PBXGroup;
			children = (
				7AC9AA3D25CC2667001AD953 /* View Model */,
				7AC9AA0C25CBE138001AD953 /* AppDelegate.swift */,
				7AC9AA3725CC1ED8001AD953 /* Data Source */,
				7AC9AA3225CC1A4B001AD953 /* Model */,
				7AC9AA3025CC1A42001AD953 /* View */,
				7AC9AA1825CBE138001AD953 /* Assets.xcassets */,
				7AC9AA1A25CBE138001AD953 /* LaunchScreen.storyboard */,
				7AC9AA1D25CBE138001AD953 /* Info.plist */,
				7AC9AA1525CBE138001AD953 /* Dota_Hero_Stats.xcdatamodeld */,
			);
			path = "Dota Hero Stats";
			sourceTree = "<group>";
		};
		7AC9AA3025CC1A42001AD953 /* View */ = {
			isa = PBXGroup;
			children = (
				7AC9AA1025CBE138001AD953 /* HeroesViewController.swift */,
				7A5046B225CDA4F600C2A8CB /* HeroDetailViewController.swift */,
				7A5046B725CDD32600C2A8CB /* Cells */,
				7A5046B025CDA4DC00C2A8CB /* Helper */,
			);
			path = View;
			sourceTree = "<group>";
		};
		7AC9AA3225CC1A4B001AD953 /* Model */ = {
			isa = PBXGroup;
			children = (
				7AC9AA3325CC1C3E001AD953 /* HeroModel.swift */,
			);
			path = Model;
			sourceTree = "<group>";
		};
		7AC9AA3725CC1ED8001AD953 /* Data Source */ = {
			isa = PBXGroup;
			children = (
				7AC9AA3825CC1EE9001AD953 /* APIDataSource.swift */,
				7AFC810725CF08A90061FBFF /* CoreDataDataSource.swift */,
			);
			path = "Data Source";
			sourceTree = "<group>";
		};
		7AC9AA3D25CC2667001AD953 /* View Model */ = {
			isa = PBXGroup;
			children = (
				7AC9AA3E25CC2677001AD953 /* HeroViewModel.swift */,
			);
			path = "View Model";
			sourceTree = "<group>";
		};
/* End PBXGroup section */

/* Begin PBXNativeTarget section */
		7A4E19A525D00FAC0023EBF5 /* Dota Hero StatsTests */ = {
			isa = PBXNativeTarget;
			buildConfigurationList = 7A4E19AF25D00FAC0023EBF5 /* Build configuration list for PBXNativeTarget "Dota Hero StatsTests" */;
			buildPhases = (
				7A4E19A225D00FAC0023EBF5 /* Sources */,
				7A4E19A325D00FAC0023EBF5 /* Frameworks */,
				7A4E19A425D00FAC0023EBF5 /* Resources */,
			);
			buildRules = (
			);
			dependencies = (
				7A4E19AC25D00FAC0023EBF5 /* PBXTargetDependency */,
			);
			name = "Dota Hero StatsTests";
			productName = "Dota Hero StatsTests";
			productReference = 7A4E19A625D00FAC0023EBF5 /* Dota Hero StatsTests.xctest */;
			productType = "com.apple.product-type.bundle.unit-test";
		};
		7AC9AA0825CBE138001AD953 /* Dota Hero Stats */ = {
			isa = PBXNativeTarget;
			buildConfigurationList = 7AC9AA2025CBE138001AD953 /* Build configuration list for PBXNativeTarget "Dota Hero Stats" */;
			buildPhases = (
				7AC9AA0525CBE138001AD953 /* Sources */,
				7AC9AA0625CBE138001AD953 /* Frameworks */,
				7AC9AA0725CBE138001AD953 /* Resources */,
			);
			buildRules = (
			);
			dependencies = (
			);
			name = "Dota Hero Stats";
			productName = "Dota Hero Stats";
			productReference = 7AC9AA0925CBE138001AD953 /* Dota Hero Stats.app */;
			productType = "com.apple.product-type.application";
		};
/* End PBXNativeTarget section */

/* Begin PBXProject section */
		7AC9AA0125CBE138001AD953 /* Project object */ = {
			isa = PBXProject;
			attributes = {
				LastSwiftUpdateCheck = 1210;
				LastUpgradeCheck = 1210;
				TargetAttributes = {
					7A4E19A525D00FAC0023EBF5 = {
						CreatedOnToolsVersion = 12.1;
						TestTargetID = 7AC9AA0825CBE138001AD953;
					};
					7AC9AA0825CBE138001AD953 = {
						CreatedOnToolsVersion = 12.1;
					};
				};
			};
			buildConfigurationList = 7AC9AA0425CBE138001AD953 /* Build configuration list for PBXProject "Dota Hero Stats" */;
			compatibilityVersion = "Xcode 9.3";
			developmentRegion = en;
			hasScannedForEncodings = 0;
			knownRegions = (
				en,
				Base,
			);
			mainGroup = 7AC9AA0025CBE138001AD953;
			productRefGroup = 7AC9AA0A25CBE138001AD953 /* Products */;
			projectDirPath = "";
			projectRoot = "";
			targets = (
				7AC9AA0825CBE138001AD953 /* Dota Hero Stats */,
				7A4E19A525D00FAC0023EBF5 /* Dota Hero StatsTests */,
			);
		};
/* End PBXProject section */

/* Begin PBXResourcesBuildPhase section */
		7A4E19A425D00FAC0023EBF5 /* Resources */ = {
			isa = PBXResourcesBuildPhase;
			buildActionMask = 2147483647;
			files = (
			);
			runOnlyForDeploymentPostprocessing = 0;
		};
		7AC9AA0725CBE138001AD953 /* Resources */ = {
			isa = PBXResourcesBuildPhase;
			buildActionMask = 2147483647;
			files = (
				7AC9AA1C25CBE138001AD953 /* LaunchScreen.storyboard in Resources */,
				7AC9AA1925CBE138001AD953 /* Assets.xcassets in Resources */,
			);
			runOnlyForDeploymentPostprocessing = 0;
		};
/* End PBXResourcesBuildPhase section */

/* Begin PBXSourcesBuildPhase section */
		7A4E19A225D00FAC0023EBF5 /* Sources */ = {
			isa = PBXSourcesBuildPhase;
			buildActionMask = 2147483647;
			files = (
				7A4E19C225D01A1C0023EBF5 /* HeroViewModelTests.swift in Sources */,
				7A4E19BC25D016020023EBF5 /* CoreDataDataSourceTests.swift in Sources */,
				7A4E19B425D00FE40023EBF5 /* APIRequestMockHelper.swift in Sources */,
				7A4E19A925D00FAC0023EBF5 /* APIDataSourceTests.swift in Sources */,
			);
			runOnlyForDeploymentPostprocessing = 0;
		};
		7AC9AA0525CBE138001AD953 /* Sources */ = {
			isa = PBXSourcesBuildPhase;
			buildActionMask = 2147483647;
			files = (
				7AC9AA3F25CC2677001AD953 /* HeroViewModel.swift in Sources */,
				7A5046B325CDA4F600C2A8CB /* HeroDetailViewController.swift in Sources */,
				7AC9AA2C25CBFFEA001AD953 /* HeroCollectionViewCell.swift in Sources */,
				7AC9AA3925CC1EE9001AD953 /* APIDataSource.swift in Sources */,
				7AFC810825CF08A90061FBFF /* CoreDataDataSource.swift in Sources */,
				7AC9AA2825CBE8CD001AD953 /* RoleCollectionViewCell.swift in Sources */,
				7AC9AA1125CBE138001AD953 /* HeroesViewController.swift in Sources */,
				7A5046AE25CD3A1D00C2A8CB /* ImageLoader.swift in Sources */,
				7AC9AA0D25CBE138001AD953 /* AppDelegate.swift in Sources */,
				7AC9AA1725CBE138001AD953 /* Dota_Hero_Stats.xcdatamodeld in Sources */,
				7AC9AA3425CC1C3E001AD953 /* HeroModel.swift in Sources */,
			);
			runOnlyForDeploymentPostprocessing = 0;
		};
/* End PBXSourcesBuildPhase section */

/* Begin PBXTargetDependency section */
		7A4E19AC25D00FAC0023EBF5 /* PBXTargetDependency */ = {
			isa = PBXTargetDependency;
			target = 7AC9AA0825CBE138001AD953 /* Dota Hero Stats */;
			targetProxy = 7A4E19AB25D00FAC0023EBF5 /* PBXContainerItemProxy */;
		};
/* End PBXTargetDependency section */

/* Begin PBXVariantGroup section */
		7AC9AA1A25CBE138001AD953 /* LaunchScreen.storyboard */ = {
			isa = PBXVariantGroup;
			children = (
				7AC9AA1B25CBE138001AD953 /* Base */,
			);
			name = LaunchScreen.storyboard;
			sourceTree = "<group>";
		};
/* End PBXVariantGroup section */

/* Begin XCBuildConfiguration section */
		7A4E19AD25D00FAC0023EBF5 /* Debug */ = {
			isa = XCBuildConfiguration;
			buildSettings = {
				BUNDLE_LOADER = "$(TEST_HOST)";
				CODE_SIGN_STYLE = Automatic;
				DEVELOPMENT_TEAM = JPUJCCB3XB;
				INFOPLIST_FILE = "Dota Hero StatsTests/Info.plist";
				LD_RUNPATH_SEARCH_PATHS = (
					"$(inherited)",
					"@executable_path/Frameworks",
					"@loader_path/Frameworks",
				);
				PRODUCT_BUNDLE_IDENTIFIER = "com.wikan.Dota-Hero-StatsTests";
				PRODUCT_NAME = "$(TARGET_NAME)";
				SWIFT_VERSION = 5.0;
				TARGETED_DEVICE_FAMILY = "1,2";
				TEST_HOST = "$(BUILT_PRODUCTS_DIR)/Dota Hero Stats.app/Dota Hero Stats";
			};
			name = Debug;
		};
		7A4E19AE25D00FAC0023EBF5 /* Release */ = {
			isa = XCBuildConfiguration;
			buildSettings = {
				BUNDLE_LOADER = "$(TEST_HOST)";
				CODE_SIGN_STYLE = Automatic;
				DEVELOPMENT_TEAM = JPUJCCB3XB;
				INFOPLIST_FILE = "Dota Hero StatsTests/Info.plist";
				LD_RUNPATH_SEARCH_PATHS = (
					"$(inherited)",
					"@executable_path/Frameworks",
					"@loader_path/Frameworks",
				);
				PRODUCT_BUNDLE_IDENTIFIER = "com.wikan.Dota-Hero-StatsTests";
				PRODUCT_NAME = "$(TARGET_NAME)";
				SWIFT_VERSION = 5.0;
				TARGETED_DEVICE_FAMILY = "1,2";
				TEST_HOST = "$(BUILT_PRODUCTS_DIR)/Dota Hero Stats.app/Dota Hero Stats";
			};
			name = Release;
		};
		7AC9AA1E25CBE138001AD953 /* Debug */ = {
			isa = XCBuildConfiguration;
			buildSettings = {
				ALWAYS_SEARCH_USER_PATHS = NO;
				CLANG_ANALYZER_NONNULL = YES;
				CLANG_ANALYZER_NUMBER_OBJECT_CONVERSION = YES_AGGRESSIVE;
				CLANG_CXX_LANGUAGE_STANDARD = "gnu++14";
				CLANG_CXX_LIBRARY = "libc++";
				CLANG_ENABLE_MODULES = YES;
				CLANG_ENABLE_OBJC_ARC = YES;
				CLANG_ENABLE_OBJC_WEAK = YES;
				CLANG_WARN_BLOCK_CAPTURE_AUTORELEASING = YES;
				CLANG_WARN_BOOL_CONVERSION = YES;
				CLANG_WARN_COMMA = YES;
				CLANG_WARN_CONSTANT_CONVERSION = YES;
				CLANG_WARN_DEPRECATED_OBJC_IMPLEMENTATIONS = YES;
				CLANG_WARN_DIRECT_OBJC_ISA_USAGE = YES_ERROR;
				CLANG_WARN_DOCUMENTATION_COMMENTS = YES;
				CLANG_WARN_EMPTY_BODY = YES;
				CLANG_WARN_ENUM_CONVERSION = YES;
				CLANG_WARN_INFINITE_RECURSION = YES;
				CLANG_WARN_INT_CONVERSION = YES;
				CLANG_WARN_NON_LITERAL_NULL_CONVERSION = YES;
				CLANG_WARN_OBJC_IMPLICIT_RETAIN_SELF = YES;
				CLANG_WARN_OBJC_LITERAL_CONVERSION = YES;
				CLANG_WARN_OBJC_ROOT_CLASS = YES_ERROR;
				CLANG_WARN_QUOTED_INCLUDE_IN_FRAMEWORK_HEADER = YES;
				CLANG_WARN_RANGE_LOOP_ANALYSIS = YES;
				CLANG_WARN_STRICT_PROTOTYPES = YES;
				CLANG_WARN_SUSPICIOUS_MOVE = YES;
				CLANG_WARN_UNGUARDED_AVAILABILITY = YES_AGGRESSIVE;
				CLANG_WARN_UNREACHABLE_CODE = YES;
				CLANG_WARN__DUPLICATE_METHOD_MATCH = YES;
				COPY_PHASE_STRIP = NO;
				DEBUG_INFORMATION_FORMAT = dwarf;
				ENABLE_STRICT_OBJC_MSGSEND = YES;
				ENABLE_TESTABILITY = YES;
				GCC_C_LANGUAGE_STANDARD = gnu11;
				GCC_DYNAMIC_NO_PIC = NO;
				GCC_NO_COMMON_BLOCKS = YES;
				GCC_OPTIMIZATION_LEVEL = 0;
				GCC_PREPROCESSOR_DEFINITIONS = (
					"DEBUG=1",
					"$(inherited)",
				);
				GCC_WARN_64_TO_32_BIT_CONVERSION = YES;
				GCC_WARN_ABOUT_RETURN_TYPE = YES_ERROR;
				GCC_WARN_UNDECLARED_SELECTOR = YES;
				GCC_WARN_UNINITIALIZED_AUTOS = YES_AGGRESSIVE;
				GCC_WARN_UNUSED_FUNCTION = YES;
				GCC_WARN_UNUSED_VARIABLE = YES;
				IPHONEOS_DEPLOYMENT_TARGET = 14.1;
				MTL_ENABLE_DEBUG_INFO = INCLUDE_SOURCE;
				MTL_FAST_MATH = YES;
				ONLY_ACTIVE_ARCH = YES;
				SDKROOT = iphoneos;
				SWIFT_ACTIVE_COMPILATION_CONDITIONS = DEBUG;
				SWIFT_OPTIMIZATION_LEVEL = "-Onone";
			};
			name = Debug;
		};
		7AC9AA1F25CBE138001AD953 /* Release */ = {
			isa = XCBuildConfiguration;
			buildSettings = {
				ALWAYS_SEARCH_USER_PATHS = NO;
				CLANG_ANALYZER_NONNULL = YES;
				CLANG_ANALYZER_NUMBER_OBJECT_CONVERSION = YES_AGGRESSIVE;
				CLANG_CXX_LANGUAGE_STANDARD = "gnu++14";
				CLANG_CXX_LIBRARY = "libc++";
				CLANG_ENABLE_MODULES = YES;
				CLANG_ENABLE_OBJC_ARC = YES;
				CLANG_ENABLE_OBJC_WEAK = YES;
				CLANG_WARN_BLOCK_CAPTURE_AUTORELEASING = YES;
				CLANG_WARN_BOOL_CONVERSION = YES;
				CLANG_WARN_COMMA = YES;
				CLANG_WARN_CONSTANT_CONVERSION = YES;
				CLANG_WARN_DEPRECATED_OBJC_IMPLEMENTATIONS = YES;
				CLANG_WARN_DIRECT_OBJC_ISA_USAGE = YES_ERROR;
				CLANG_WARN_DOCUMENTATION_COMMENTS = YES;
				CLANG_WARN_EMPTY_BODY = YES;
				CLANG_WARN_ENUM_CONVERSION = YES;
				CLANG_WARN_INFINITE_RECURSION = YES;
				CLANG_WARN_INT_CONVERSION = YES;
				CLANG_WARN_NON_LITERAL_NULL_CONVERSION = YES;
				CLANG_WARN_OBJC_IMPLICIT_RETAIN_SELF = YES;
				CLANG_WARN_OBJC_LITERAL_CONVERSION = YES;
				CLANG_WARN_OBJC_ROOT_CLASS = YES_ERROR;
				CLANG_WARN_QUOTED_INCLUDE_IN_FRAMEWORK_HEADER = YES;
				CLANG_WARN_RANGE_LOOP_ANALYSIS = YES;
				CLANG_WARN_STRICT_PROTOTYPES = YES;
				CLANG_WARN_SUSPICIOUS_MOVE = YES;
				CLANG_WARN_UNGUARDED_AVAILABILITY = YES_AGGRESSIVE;
				CLANG_WARN_UNREACHABLE_CODE = YES;
				CLANG_WARN__DUPLICATE_METHOD_MATCH = YES;
				COPY_PHASE_STRIP = NO;
				DEBUG_INFORMATION_FORMAT = "dwarf-with-dsym";
				ENABLE_NS_ASSERTIONS = NO;
				ENABLE_STRICT_OBJC_MSGSEND = YES;
				GCC_C_LANGUAGE_STANDARD = gnu11;
				GCC_NO_COMMON_BLOCKS = YES;
				GCC_WARN_64_TO_32_BIT_CONVERSION = YES;
				GCC_WARN_ABOUT_RETURN_TYPE = YES_ERROR;
				GCC_WARN_UNDECLARED_SELECTOR = YES;
				GCC_WARN_UNINITIALIZED_AUTOS = YES_AGGRESSIVE;
				GCC_WARN_UNUSED_FUNCTION = YES;
				GCC_WARN_UNUSED_VARIABLE = YES;
				IPHONEOS_DEPLOYMENT_TARGET = 14.1;
				MTL_ENABLE_DEBUG_INFO = NO;
				MTL_FAST_MATH = YES;
				SDKROOT = iphoneos;
				SWIFT_COMPILATION_MODE = wholemodule;
				SWIFT_OPTIMIZATION_LEVEL = "-O";
				VALIDATE_PRODUCT = YES;
			};
			name = Release;
		};
		7AC9AA2125CBE138001AD953 /* Debug */ = {
			isa = XCBuildConfiguration;
			buildSettings = {
				ASSETCATALOG_COMPILER_APPICON_NAME = AppIcon;
				ASSETCATALOG_COMPILER_GLOBAL_ACCENT_COLOR_NAME = AccentColor;
				CODE_SIGN_STYLE = Automatic;
				DEVELOPMENT_TEAM = JPUJCCB3XB;
				INFOPLIST_FILE = "Dota Hero Stats/Info.plist";
				LD_RUNPATH_SEARCH_PATHS = (
					"$(inherited)",
					"@executable_path/Frameworks",
				);
				PRODUCT_BUNDLE_IDENTIFIER = "com.wikan.Dota-Hero-Stats";
				PRODUCT_NAME = "$(TARGET_NAME)";
				SWIFT_VERSION = 5.0;
				TARGETED_DEVICE_FAMILY = "1,2";
			};
			name = Debug;
		};
		7AC9AA2225CBE138001AD953 /* Release */ = {
			isa = XCBuildConfiguration;
			buildSettings = {
				ASSETCATALOG_COMPILER_APPICON_NAME = AppIcon;
				ASSETCATALOG_COMPILER_GLOBAL_ACCENT_COLOR_NAME = AccentColor;
				CODE_SIGN_STYLE = Automatic;
				DEVELOPMENT_TEAM = JPUJCCB3XB;
				INFOPLIST_FILE = "Dota Hero Stats/Info.plist";
				LD_RUNPATH_SEARCH_PATHS = (
					"$(inherited)",
					"@executable_path/Frameworks",
				);
				PRODUCT_BUNDLE_IDENTIFIER = "com.wikan.Dota-Hero-Stats";
				PRODUCT_NAME = "$(TARGET_NAME)";
				SWIFT_VERSION = 5.0;
				TARGETED_DEVICE_FAMILY = "1,2";
			};
			name = Release;
		};
/* End XCBuildConfiguration section */

/* Begin XCConfigurationList section */
		7A4E19AF25D00FAC0023EBF5 /* Build configuration list for PBXNativeTarget "Dota Hero StatsTests" */ = {
			isa = XCConfigurationList;
			buildConfigurations = (
				7A4E19AD25D00FAC0023EBF5 /* Debug */,
				7A4E19AE25D00FAC0023EBF5 /* Release */,
			);
			defaultConfigurationIsVisible = 0;
			defaultConfigurationName = Release;
		};
		7AC9AA0425CBE138001AD953 /* Build configuration list for PBXProject "Dota Hero Stats" */ = {
			isa = XCConfigurationList;
			buildConfigurations = (
				7AC9AA1E25CBE138001AD953 /* Debug */,
				7AC9AA1F25CBE138001AD953 /* Release */,
			);
			defaultConfigurationIsVisible = 0;
			defaultConfigurationName = Release;
		};
		7AC9AA2025CBE138001AD953 /* Build configuration list for PBXNativeTarget "Dota Hero Stats" */ = {
			isa = XCConfigurationList;
			buildConfigurations = (
				7AC9AA2125CBE138001AD953 /* Debug */,
				7AC9AA2225CBE138001AD953 /* Release */,
			);
			defaultConfigurationIsVisible = 0;
			defaultConfigurationName = Release;
		};
/* End XCConfigurationList section */

/* Begin XCVersionGroup section */
		7AC9AA1525CBE138001AD953 /* Dota_Hero_Stats.xcdatamodeld */ = {
			isa = XCVersionGroup;
			children = (
				7AC9AA1625CBE138001AD953 /* Dota_Hero_Stats.xcdatamodel */,
			);
			currentVersion = 7AC9AA1625CBE138001AD953 /* Dota_Hero_Stats.xcdatamodel */;
			path = Dota_Hero_Stats.xcdatamodeld;
			sourceTree = "<group>";
			versionGroupType = wrapper.xcdatamodel;
		};
/* End XCVersionGroup section */
	};
	rootObject = 7AC9AA0125CBE138001AD953 /* Project object */;
}
